// !$*UTF8*$!
{
	archiveVersion = 1;
	classes = {
	};
	objectVersion = 50;
	objects = {

/* Begin PBXBuildFile section */
		8433D05622224D0F00E4FBE3 /* BaseViewController.swift in Sources */ = {isa = PBXBuildFile; fileRef = 8433D05522224D0F00E4FBE3 /* BaseViewController.swift */; };
		8433D05A22224E1400E4FBE3 /* LogInRequest.swift in Sources */ = {isa = PBXBuildFile; fileRef = 8433D05922224E1400E4FBE3 /* LogInRequest.swift */; };
		84B960132213CA7E00BCC0C8 /* SignUpViewController.swift in Sources */ = {isa = PBXBuildFile; fileRef = 84B960122213CA7E00BCC0C8 /* SignUpViewController.swift */; };
		84B960172213CE1100BCC0C8 /* Colors.xcassets in Resources */ = {isa = PBXBuildFile; fileRef = 84B960162213CE1100BCC0C8 /* Colors.xcassets */; };
		84B9601B2213D1EC00BCC0C8 /* LogIn.storyboard in Resources */ = {isa = PBXBuildFile; fileRef = 84B9601A2213D1EC00BCC0C8 /* LogIn.storyboard */; };
		84B9601D2213D56600BCC0C8 /* LogInViewController.swift in Sources */ = {isa = PBXBuildFile; fileRef = 84B9601C2213D56600BCC0C8 /* LogInViewController.swift */; };
		E0396D4D7A95C8E9480176BA /* Pods_iFarma.framework in Frameworks */ = {isa = PBXBuildFile; fileRef = 4CAE7BD9BD346E710223D0F8 /* Pods_iFarma.framework */; };
		E0A921B4221324E4000FF050 /* AppDelegate.swift in Sources */ = {isa = PBXBuildFile; fileRef = E0A921B3221324E4000FF050 /* AppDelegate.swift */; };
		E0A921B6221324E4000FF050 /* ViewController.swift in Sources */ = {isa = PBXBuildFile; fileRef = E0A921B5221324E4000FF050 /* ViewController.swift */; };
		E0A921B9221324E4000FF050 /* Main.storyboard in Resources */ = {isa = PBXBuildFile; fileRef = E0A921B7221324E4000FF050 /* Main.storyboard */; };
		E0A921BB221324E6000FF050 /* Assets.xcassets in Resources */ = {isa = PBXBuildFile; fileRef = E0A921BA221324E6000FF050 /* Assets.xcassets */; };
		E0A921BE221324E6000FF050 /* LaunchScreen.storyboard in Resources */ = {isa = PBXBuildFile; fileRef = E0A921BC221324E6000FF050 /* LaunchScreen.storyboard */; };
		E0A921C822132640000FF050 /* SignUp.storyboard in Resources */ = {isa = PBXBuildFile; fileRef = E0A921C722132640000FF050 /* SignUp.storyboard */; };
/* End PBXBuildFile section */

/* Begin PBXFileReference section */
		4CAE7BD9BD346E710223D0F8 /* Pods_iFarma.framework */ = {isa = PBXFileReference; explicitFileType = wrapper.framework; includeInIndex = 0; path = Pods_iFarma.framework; sourceTree = BUILT_PRODUCTS_DIR; };
		6300582C1C3D74C8F8F60622 /* Pods-iFarma.debug.xcconfig */ = {isa = PBXFileReference; includeInIndex = 1; lastKnownFileType = text.xcconfig; name = "Pods-iFarma.debug.xcconfig"; path = "Target Support Files/Pods-iFarma/Pods-iFarma.debug.xcconfig"; sourceTree = "<group>"; };
		8433D05522224D0F00E4FBE3 /* BaseViewController.swift */ = {isa = PBXFileReference; lastKnownFileType = sourcecode.swift; path = BaseViewController.swift; sourceTree = "<group>"; };
		8433D05922224E1400E4FBE3 /* LogInRequest.swift */ = {isa = PBXFileReference; lastKnownFileType = sourcecode.swift; path = LogInRequest.swift; sourceTree = "<group>"; };
		84B960122213CA7E00BCC0C8 /* SignUpViewController.swift */ = {isa = PBXFileReference; lastKnownFileType = sourcecode.swift; path = SignUpViewController.swift; sourceTree = "<group>"; };
		84B960162213CE1100BCC0C8 /* Colors.xcassets */ = {isa = PBXFileReference; lastKnownFileType = folder.assetcatalog; path = Colors.xcassets; sourceTree = "<group>"; };
		84B9601A2213D1EC00BCC0C8 /* LogIn.storyboard */ = {isa = PBXFileReference; lastKnownFileType = file.storyboard; path = LogIn.storyboard; sourceTree = "<group>"; };
		84B9601C2213D56600BCC0C8 /* LogInViewController.swift */ = {isa = PBXFileReference; lastKnownFileType = sourcecode.swift; path = LogInViewController.swift; sourceTree = "<group>"; };
		9C6421875CC359DA786450C6 /* Pods-iFarma.release.xcconfig */ = {isa = PBXFileReference; includeInIndex = 1; lastKnownFileType = text.xcconfig; name = "Pods-iFarma.release.xcconfig"; path = "Target Support Files/Pods-iFarma/Pods-iFarma.release.xcconfig"; sourceTree = "<group>"; };
		E0A921B0221324E4000FF050 /* iFarma.app */ = {isa = PBXFileReference; explicitFileType = wrapper.application; includeInIndex = 0; path = iFarma.app; sourceTree = BUILT_PRODUCTS_DIR; };
		E0A921B3221324E4000FF050 /* AppDelegate.swift */ = {isa = PBXFileReference; lastKnownFileType = sourcecode.swift; path = AppDelegate.swift; sourceTree = "<group>"; };
		E0A921B5221324E4000FF050 /* ViewController.swift */ = {isa = PBXFileReference; lastKnownFileType = sourcecode.swift; path = ViewController.swift; sourceTree = "<group>"; };
		E0A921B8221324E4000FF050 /* Base */ = {isa = PBXFileReference; lastKnownFileType = file.storyboard; name = Base; path = Base.lproj/Main.storyboard; sourceTree = "<group>"; };
		E0A921BA221324E6000FF050 /* Assets.xcassets */ = {isa = PBXFileReference; lastKnownFileType = folder.assetcatalog; path = Assets.xcassets; sourceTree = "<group>"; };
		E0A921BD221324E6000FF050 /* Base */ = {isa = PBXFileReference; lastKnownFileType = file.storyboard; name = Base; path = Base.lproj/LaunchScreen.storyboard; sourceTree = "<group>"; };
		E0A921BF221324E6000FF050 /* Info.plist */ = {isa = PBXFileReference; lastKnownFileType = text.plist.xml; path = Info.plist; sourceTree = "<group>"; };
		E0A921C722132640000FF050 /* SignUp.storyboard */ = {isa = PBXFileReference; lastKnownFileType = file.storyboard; path = SignUp.storyboard; sourceTree = "<group>"; };
/* End PBXFileReference section */

/* Begin PBXFrameworksBuildPhase section */
		E0A921AD221324E4000FF050 /* Frameworks */ = {
			isa = PBXFrameworksBuildPhase;
			buildActionMask = 2147483647;
			files = (
				E0396D4D7A95C8E9480176BA /* Pods_iFarma.framework in Frameworks */,
			);
			runOnlyForDeploymentPostprocessing = 0;
		};
/* End PBXFrameworksBuildPhase section */

/* Begin PBXGroup section */
		34282BF5B93818ED2C601F0F /* Frameworks */ = {
			isa = PBXGroup;
			children = (
				4CAE7BD9BD346E710223D0F8 /* Pods_iFarma.framework */,
			);
			name = Frameworks;
			sourceTree = "<group>";
		};
		84298506221E62FB0089F2E6 /* Main */ = {
			isa = PBXGroup;
			children = (
				E0A921B5221324E4000FF050 /* ViewController.swift */,
				E0A921B7221324E4000FF050 /* Main.storyboard */,
			);
			path = Main;
			sourceTree = "<group>";
		};
		8433D0502222480800E4FBE3 /* Features */ = {
			isa = PBXGroup;
			children = (
				84298506221E62FB0089F2E6 /* Main */,
				E0A921C5221325FA000FF050 /* OnBoarding */,
			);
			path = Features;
			sourceTree = "<group>";
		};
		8433D0512222481300E4FBE3 /* Data */ = {
			isa = PBXGroup;
			children = (
				8433D0522222481B00E4FBE3 /* Remote */,
			);
			path = Data;
			sourceTree = "<group>";
		};
		8433D0522222481B00E4FBE3 /* Remote */ = {
			isa = PBXGroup;
			children = (
				8433D05B22224EA600E4FBE3 /* LogIn */,
			);
			path = Remote;
			sourceTree = "<group>";
		};
		8433D05422224CF400E4FBE3 /* Bases */ = {
			isa = PBXGroup;
			children = (
				8433D05522224D0F00E4FBE3 /* BaseViewController.swift */,
			);
			path = Bases;
			sourceTree = "<group>";
		};
		8433D05B22224EA600E4FBE3 /* LogIn */ = {
			isa = PBXGroup;
			children = (
				8433D05922224E1400E4FBE3 /* LogInRequest.swift */,
			);
			path = LogIn;
			sourceTree = "<group>";
		};
		84B960142213CDCA00BCC0C8 /* Resources */ = {
			isa = PBXGroup;
			children = (
				E0A921BA221324E6000FF050 /* Assets.xcassets */,
				84B960162213CE1100BCC0C8 /* Colors.xcassets */,
			);
			path = Resources;
			sourceTree = "<group>";
		};
		84B960152213CDD700BCC0C8 /* Sources */ = {
			isa = PBXGroup;
			children = (
				8433D05422224CF400E4FBE3 /* Bases */,
				8433D0512222481300E4FBE3 /* Data */,
				8433D0502222480800E4FBE3 /* Features */,
			);
			path = Sources;
			sourceTree = "<group>";
		};
		84B960182213D08000BCC0C8 /* SignUp */ = {
			isa = PBXGroup;
			children = (
				E0A921C722132640000FF050 /* SignUp.storyboard */,
				84B960122213CA7E00BCC0C8 /* SignUpViewController.swift */,
			);
			path = SignUp;
			sourceTree = "<group>";
		};
		84B960192213D1B000BCC0C8 /* LogIn */ = {
			isa = PBXGroup;
			children = (
				84B9601A2213D1EC00BCC0C8 /* LogIn.storyboard */,
				84B9601C2213D56600BCC0C8 /* LogInViewController.swift */,
			);
			path = LogIn;
			sourceTree = "<group>";
		};
		B62EE1ED7A80E6D419A05710 /* Pods */ = {
			isa = PBXGroup;
			children = (
				6300582C1C3D74C8F8F60622 /* Pods-iFarma.debug.xcconfig */,
				9C6421875CC359DA786450C6 /* Pods-iFarma.release.xcconfig */,
			);
			path = Pods;
			sourceTree = "<group>";
		};
		E0A921A7221324E4000FF050 = {
			isa = PBXGroup;
			children = (
				E0A921B2221324E4000FF050 /* iFarma */,
				E0A921B1221324E4000FF050 /* Products */,
				B62EE1ED7A80E6D419A05710 /* Pods */,
				34282BF5B93818ED2C601F0F /* Frameworks */,
			);
			sourceTree = "<group>";
		};
		E0A921B1221324E4000FF050 /* Products */ = {
			isa = PBXGroup;
			children = (
				E0A921B0221324E4000FF050 /* iFarma.app */,
			);
			name = Products;
			sourceTree = "<group>";
		};
		E0A921B2221324E4000FF050 /* iFarma */ = {
			isa = PBXGroup;
			children = (
				84B960152213CDD700BCC0C8 /* Sources */,
				84B960142213CDCA00BCC0C8 /* Resources */,
				E0A921B3221324E4000FF050 /* AppDelegate.swift */,
				E0A921BC221324E6000FF050 /* LaunchScreen.storyboard */,
				E0A921BF221324E6000FF050 /* Info.plist */,
			);
			path = iFarma;
			sourceTree = "<group>";
		};
		E0A921C5221325FA000FF050 /* OnBoarding */ = {
			isa = PBXGroup;
			children = (
				84B960192213D1B000BCC0C8 /* LogIn */,
				84B960182213D08000BCC0C8 /* SignUp */,
			);
			path = OnBoarding;
			sourceTree = "<group>";
		};
/* End PBXGroup section */

/* Begin PBXNativeTarget section */
		E0A921AF221324E4000FF050 /* iFarma */ = {
			isa = PBXNativeTarget;
			buildConfigurationList = E0A921C2221324E6000FF050 /* Build configuration list for PBXNativeTarget "iFarma" */;
			buildPhases = (
				A86E33D162A7B037E6800A4F /* [CP] Check Pods Manifest.lock */,
				E0A921AC221324E4000FF050 /* Sources */,
				E0A921AD221324E4000FF050 /* Frameworks */,
				E0A921AE221324E4000FF050 /* Resources */,
				5F0724234EE59F331A619AD9 /* [CP] Embed Pods Frameworks */,
			);
			buildRules = (
			);
			dependencies = (
			);
			name = iFarma;
			productName = iFarma;
			productReference = E0A921B0221324E4000FF050 /* iFarma.app */;
			productType = "com.apple.product-type.application";
		};
/* End PBXNativeTarget section */

/* Begin PBXProject section */
		E0A921A8221324E4000FF050 /* Project object */ = {
			isa = PBXProject;
			attributes = {
				LastSwiftUpdateCheck = 1010;
				LastUpgradeCheck = 1010;
				ORGANIZATIONNAME = MHO;
				TargetAttributes = {
					E0A921AF221324E4000FF050 = {
						CreatedOnToolsVersion = 10.1;
					};
				};
			};
			buildConfigurationList = E0A921AB221324E4000FF050 /* Build configuration list for PBXProject "iFarma" */;
			compatibilityVersion = "Xcode 9.3";
			developmentRegion = en;
			hasScannedForEncodings = 0;
			knownRegions = (
				en,
				Base,
			);
			mainGroup = E0A921A7221324E4000FF050;
			productRefGroup = E0A921B1221324E4000FF050 /* Products */;
			projectDirPath = "";
			projectRoot = "";
			targets = (
				E0A921AF221324E4000FF050 /* iFarma */,
			);
		};
/* End PBXProject section */

/* Begin PBXResourcesBuildPhase section */
		E0A921AE221324E4000FF050 /* Resources */ = {
			isa = PBXResourcesBuildPhase;
			buildActionMask = 2147483647;
			files = (
				84B960172213CE1100BCC0C8 /* Colors.xcassets in Resources */,
				E0A921BE221324E6000FF050 /* LaunchScreen.storyboard in Resources */,
				E0A921BB221324E6000FF050 /* Assets.xcassets in Resources */,
				E0A921C822132640000FF050 /* SignUp.storyboard in Resources */,
				84B9601B2213D1EC00BCC0C8 /* LogIn.storyboard in Resources */,
				E0A921B9221324E4000FF050 /* Main.storyboard in Resources */,
			);
			runOnlyForDeploymentPostprocessing = 0;
		};
/* End PBXResourcesBuildPhase section */

/* Begin PBXShellScriptBuildPhase section */
		5F0724234EE59F331A619AD9 /* [CP] Embed Pods Frameworks */ = {
			isa = PBXShellScriptBuildPhase;
			buildActionMask = 2147483647;
			files = (
			);
			inputFileListPaths = (
			);
			inputPaths = (
				"${PODS_ROOT}/Target Support Files/Pods-iFarma/Pods-iFarma-frameworks.sh",
				"${BUILT_PRODUCTS_DIR}/Alamofire/Alamofire.framework",
			);
			name = "[CP] Embed Pods Frameworks";
			outputFileListPaths = (
			);
			outputPaths = (
				"${TARGET_BUILD_DIR}/${FRAMEWORKS_FOLDER_PATH}/Alamofire.framework",
			);
			runOnlyForDeploymentPostprocessing = 0;
			shellPath = /bin/sh;
			shellScript = "\"${PODS_ROOT}/Target Support Files/Pods-iFarma/Pods-iFarma-frameworks.sh\"\n";
			showEnvVarsInLog = 0;
		};
		A86E33D162A7B037E6800A4F /* [CP] Check Pods Manifest.lock */ = {
			isa = PBXShellScriptBuildPhase;
			buildActionMask = 2147483647;
			files = (
			);
			inputFileListPaths = (
			);
			inputPaths = (
				"${PODS_PODFILE_DIR_PATH}/Podfile.lock",
				"${PODS_ROOT}/Manifest.lock",
			);
			name = "[CP] Check Pods Manifest.lock";
			outputFileListPaths = (
			);
			outputPaths = (
				"$(DERIVED_FILE_DIR)/Pods-iFarma-checkManifestLockResult.txt",
			);
			runOnlyForDeploymentPostprocessing = 0;
			shellPath = /bin/sh;
			shellScript = "diff \"${PODS_PODFILE_DIR_PATH}/Podfile.lock\" \"${PODS_ROOT}/Manifest.lock\" > /dev/null\nif [ $? != 0 ] ; then\n    # print error to STDERR\n    echo \"error: The sandbox is not in sync with the Podfile.lock. Run 'pod install' or update your CocoaPods installation.\" >&2\n    exit 1\nfi\n# This output is used by Xcode 'outputs' to avoid re-running this script phase.\necho \"SUCCESS\" > \"${SCRIPT_OUTPUT_FILE_0}\"\n";
			showEnvVarsInLog = 0;
		};
/* End PBXShellScriptBuildPhase section */

/* Begin PBXSourcesBuildPhase section */
		E0A921AC221324E4000FF050 /* Sources */ = {
			isa = PBXSourcesBuildPhase;
			buildActionMask = 2147483647;
			files = (
				8433D05622224D0F00E4FBE3 /* BaseViewController.swift in Sources */,
				84B9601D2213D56600BCC0C8 /* LogInViewController.swift in Sources */,
				84B960132213CA7E00BCC0C8 /* SignUpViewController.swift in Sources */,
				E0A921B6221324E4000FF050 /* ViewController.swift in Sources */,
				E0A921B4221324E4000FF050 /* AppDelegate.swift in Sources */,
				8433D05A22224E1400E4FBE3 /* LogInRequest.swift in Sources */,
			);
			runOnlyForDeploymentPostprocessing = 0;
		};
/* End PBXSourcesBuildPhase section */

/* Begin PBXVariantGroup section */
		E0A921B7221324E4000FF050 /* Main.storyboard */ = {
			isa = PBXVariantGroup;
			children = (
				E0A921B8221324E4000FF050 /* Base */,
			);
			name = Main.storyboard;
			sourceTree = "<group>";
		};
		E0A921BC221324E6000FF050 /* LaunchScreen.storyboard */ = {
			isa = PBXVariantGroup;
			children = (
				E0A921BD221324E6000FF050 /* Base */,
			);
			name = LaunchScreen.storyboard;
			sourceTree = "<group>";
		};
/* End PBXVariantGroup section */

/* Begin XCBuildConfiguration section */
		E0A921C0221324E6000FF050 /* Debug */ = {
			isa = XCBuildConfiguration;
			buildSettings = {
				ALWAYS_SEARCH_USER_PATHS = NO;
				CLANG_ANALYZER_NONNULL = YES;
				CLANG_ANALYZER_NUMBER_OBJECT_CONVERSION = YES_AGGRESSIVE;
				CLANG_CXX_LANGUAGE_STANDARD = "gnu++14";
				CLANG_CXX_LIBRARY = "libc++";
				CLANG_ENABLE_MODULES = YES;
				CLANG_ENABLE_OBJC_ARC = YES;
				CLANG_ENABLE_OBJC_WEAK = YES;
				CLANG_WARN_BLOCK_CAPTURE_AUTORELEASING = YES;
				CLANG_WARN_BOOL_CONVERSION = YES;
				CLANG_WARN_COMMA = YES;
				CLANG_WARN_CONSTANT_CONVERSION = YES;
				CLANG_WARN_DEPRECATED_OBJC_IMPLEMENTATIONS = YES;
				CLANG_WARN_DIRECT_OBJC_ISA_USAGE = YES_ERROR;
				CLANG_WARN_DOCUMENTATION_COMMENTS = YES;
				CLANG_WARN_EMPTY_BODY = YES;
				CLANG_WARN_ENUM_CONVERSION = YES;
				CLANG_WARN_INFINITE_RECURSION = YES;
				CLANG_WARN_INT_CONVERSION = YES;
				CLANG_WARN_NON_LITERAL_NULL_CONVERSION = YES;
				CLANG_WARN_OBJC_IMPLICIT_RETAIN_SELF = YES;
				CLANG_WARN_OBJC_LITERAL_CONVERSION = YES;
				CLANG_WARN_OBJC_ROOT_CLASS = YES_ERROR;
				CLANG_WARN_RANGE_LOOP_ANALYSIS = YES;
				CLANG_WARN_STRICT_PROTOTYPES = YES;
				CLANG_WARN_SUSPICIOUS_MOVE = YES;
				CLANG_WARN_UNGUARDED_AVAILABILITY = YES_AGGRESSIVE;
				CLANG_WARN_UNREACHABLE_CODE = YES;
				CLANG_WARN__DUPLICATE_METHOD_MATCH = YES;
				CODE_SIGN_IDENTITY = "iPhone Developer";
				COPY_PHASE_STRIP = NO;
				DEBUG_INFORMATION_FORMAT = dwarf;
				ENABLE_STRICT_OBJC_MSGSEND = YES;
				ENABLE_TESTABILITY = YES;
				GCC_C_LANGUAGE_STANDARD = gnu11;
				GCC_DYNAMIC_NO_PIC = NO;
				GCC_NO_COMMON_BLOCKS = YES;
				GCC_OPTIMIZATION_LEVEL = 0;
				GCC_PREPROCESSOR_DEFINITIONS = (
					"DEBUG=1",
					"$(inherited)",
				);
				GCC_WARN_64_TO_32_BIT_CONVERSION = YES;
				GCC_WARN_ABOUT_RETURN_TYPE = YES_ERROR;
				GCC_WARN_UNDECLARED_SELECTOR = YES;
				GCC_WARN_UNINITIALIZED_AUTOS = YES_AGGRESSIVE;
				GCC_WARN_UNUSED_FUNCTION = YES;
				GCC_WARN_UNUSED_VARIABLE = YES;
				IPHONEOS_DEPLOYMENT_TARGET = 12.1;
				MTL_ENABLE_DEBUG_INFO = INCLUDE_SOURCE;
				MTL_FAST_MATH = YES;
				ONLY_ACTIVE_ARCH = YES;
				SDKROOT = iphoneos;
				SWIFT_ACTIVE_COMPILATION_CONDITIONS = DEBUG;
				SWIFT_OPTIMIZATION_LEVEL = "-Onone";
			};
			name = Debug;
		};
		E0A921C1221324E6000FF050 /* Release */ = {
			isa = XCBuildConfiguration;
			buildSettings = {
				ALWAYS_SEARCH_USER_PATHS = NO;
				CLANG_ANALYZER_NONNULL = YES;
				CLANG_ANALYZER_NUMBER_OBJECT_CONVERSION = YES_AGGRESSIVE;
				CLANG_CXX_LANGUAGE_STANDARD = "gnu++14";
				CLANG_CXX_LIBRARY = "libc++";
				CLANG_ENABLE_MODULES = YES;
				CLANG_ENABLE_OBJC_ARC = YES;
				CLANG_ENABLE_OBJC_WEAK = YES;
				CLANG_WARN_BLOCK_CAPTURE_AUTORELEASING = YES;
				CLANG_WARN_BOOL_CONVERSION = YES;
				CLANG_WARN_COMMA = YES;
				CLANG_WARN_CONSTANT_CONVERSION = YES;
				CLANG_WARN_DEPRECATED_OBJC_IMPLEMENTATIONS = YES;
				CLANG_WARN_DIRECT_OBJC_ISA_USAGE = YES_ERROR;
				CLANG_WARN_DOCUMENTATION_COMMENTS = YES;
				CLANG_WARN_EMPTY_BODY = YES;
				CLANG_WARN_ENUM_CONVERSION = YES;
				CLANG_WARN_INFINITE_RECURSION = YES;
				CLANG_WARN_INT_CONVERSION = YES;
				CLANG_WARN_NON_LITERAL_NULL_CONVERSION = YES;
				CLANG_WARN_OBJC_IMPLICIT_RETAIN_SELF = YES;
				CLANG_WARN_OBJC_LITERAL_CONVERSION = YES;
				CLANG_WARN_OBJC_ROOT_CLASS = YES_ERROR;
				CLANG_WARN_RANGE_LOOP_ANALYSIS = YES;
				CLANG_WARN_STRICT_PROTOTYPES = YES;
				CLANG_WARN_SUSPICIOUS_MOVE = YES;
				CLANG_WARN_UNGUARDED_AVAILABILITY = YES_AGGRESSIVE;
				CLANG_WARN_UNREACHABLE_CODE = YES;
				CLANG_WARN__DUPLICATE_METHOD_MATCH = YES;
				CODE_SIGN_IDENTITY = "iPhone Developer";
				COPY_PHASE_STRIP = NO;
				DEBUG_INFORMATION_FORMAT = "dwarf-with-dsym";
				ENABLE_NS_ASSERTIONS = NO;
				ENABLE_STRICT_OBJC_MSGSEND = YES;
				GCC_C_LANGUAGE_STANDARD = gnu11;
				GCC_NO_COMMON_BLOCKS = YES;
				GCC_WARN_64_TO_32_BIT_CONVERSION = YES;
				GCC_WARN_ABOUT_RETURN_TYPE = YES_ERROR;
				GCC_WARN_UNDECLARED_SELECTOR = YES;
				GCC_WARN_UNINITIALIZED_AUTOS = YES_AGGRESSIVE;
				GCC_WARN_UNUSED_FUNCTION = YES;
				GCC_WARN_UNUSED_VARIABLE = YES;
				IPHONEOS_DEPLOYMENT_TARGET = 12.1;
				MTL_ENABLE_DEBUG_INFO = NO;
				MTL_FAST_MATH = YES;
				SDKROOT = iphoneos;
				SWIFT_COMPILATION_MODE = wholemodule;
				SWIFT_OPTIMIZATION_LEVEL = "-O";
				VALIDATE_PRODUCT = YES;
			};
			name = Release;
		};
		E0A921C3221324E6000FF050 /* Debug */ = {
			isa = XCBuildConfiguration;
			baseConfigurationReference = 6300582C1C3D74C8F8F60622 /* Pods-iFarma.debug.xcconfig */;
			buildSettings = {
				ASSETCATALOG_COMPILER_APPICON_NAME = AppIcon;
				CODE_SIGN_STYLE = Automatic;
				DEVELOPMENT_TEAM = L4VJ6K969P;
				INFOPLIST_FILE = iFarma/Info.plist;
				IPHONEOS_DEPLOYMENT_TARGET = 11.0;
				LD_RUNPATH_SEARCH_PATHS = (
					"$(inherited)",
					"@executable_path/Frameworks",
				);
				PRODUCT_BUNDLE_IDENTIFIER = com.mho.iFarma;
				PRODUCT_NAME = "$(TARGET_NAME)";
				SWIFT_VERSION = 4.2;
				TARGETED_DEVICE_FAMILY = "1,2";
			};
			name = Debug;
		};
		E0A921C4221324E6000FF050 /* Release */ = {
			isa = XCBuildConfiguration;
			baseConfigurationReference = 9C6421875CC359DA786450C6 /* Pods-iFarma.release.xcconfig */;
			buildSettings = {
				ASSETCATALOG_COMPILER_APPICON_NAME = AppIcon;
				CODE_SIGN_STYLE = Automatic;
				DEVELOPMENT_TEAM = L4VJ6K969P;
				INFOPLIST_FILE = iFarma/Info.plist;
				IPHONEOS_DEPLOYMENT_TARGET = 11.0;
				LD_RUNPATH_SEARCH_PATHS = (
					"$(inherited)",
					"@executable_path/Frameworks",
				);
				PRODUCT_BUNDLE_IDENTIFIER = com.mho.iFarma;
				PRODUCT_NAME = "$(TARGET_NAME)";
				SWIFT_VERSION = 4.2;
				TARGETED_DEVICE_FAMILY = "1,2";
			};
			name = Release;
		};
/* End XCBuildConfiguration section */

/* Begin XCConfigurationList section */
		E0A921AB221324E4000FF050 /* Build configuration list for PBXProject "iFarma" */ = {
			isa = XCConfigurationList;
			buildConfigurations = (
				E0A921C0221324E6000FF050 /* Debug */,
				E0A921C1221324E6000FF050 /* Release */,
			);
			defaultConfigurationIsVisible = 0;
			defaultConfigurationName = Release;
		};
		E0A921C2221324E6000FF050 /* Build configuration list for PBXNativeTarget "iFarma" */ = {
			isa = XCConfigurationList;
			buildConfigurations = (
				E0A921C3221324E6000FF050 /* Debug */,
				E0A921C4221324E6000FF050 /* Release */,
			);
			defaultConfigurationIsVisible = 0;
			defaultConfigurationName = Release;
		};
/* End XCConfigurationList section */
	};
	rootObject = E0A921A8221324E4000FF050 /* Project object */;
}
